
Microsoft Visual Studio Solution File, Format Version 12.00
# Visual Studio 14
VisualStudioVersion = 14.0.23107.0
MinimumVisualStudioVersion = 10.0.40219.1
Project("{8BC9CEB8-8B4A-11D0-8D11-00A0C91BC942}") = "AgpuOpenGL", "AgpuOpenGL\AgpuOpenGL.vcxproj", "{8B59C0F0-C1F9-4846-ACFB-FECC84E76401}"
EndProject
Project("{2150E333-8FDC-42A3-9474-1A3956D46DE8}") = "Samples", "Samples", "{0B7FD55D-7F13-4596-AE4B-C63E3BF90E22}"
EndProject
Project("{8BC9CEB8-8B4A-11D0-8D11-00A0C91BC942}") = "SampleCommon", "SampleCommon\SampleCommon.vcxproj", "{9B7B2C60-6536-4694-9FAF-F50436576C7E}"
	ProjectSection(ProjectDependencies) = postProject
		{55A865C6-883F-4EAA-884F-6E858AAEB37A} = {55A865C6-883F-4EAA-884F-6E858AAEB37A}
	EndProjectSection
EndProject
Project("{8BC9CEB8-8B4A-11D0-8D11-00A0C91BC942}") = "Sample1", "Sample1\Sample1.vcxproj", "{8C405B4B-66E4-4513-BF03-4A3B2CE3AC6B}"
	ProjectSection(ProjectDependencies) = postProject
		{9B7B2C60-6536-4694-9FAF-F50436576C7E} = {9B7B2C60-6536-4694-9FAF-F50436576C7E}
		{55A865C6-883F-4EAA-884F-6E858AAEB37A} = {55A865C6-883F-4EAA-884F-6E858AAEB37A}
	EndProjectSection
EndProject
Project("{8BC9CEB8-8B4A-11D0-8D11-00A0C91BC942}") = "Sample2", "Sample2\Sample2.vcxproj", "{F5DD541E-E877-44B5-A7B8-D9DDE363AEF2}"
	ProjectSection(ProjectDependencies) = postProject
		{9B7B2C60-6536-4694-9FAF-F50436576C7E} = {9B7B2C60-6536-4694-9FAF-F50436576C7E}
		{55A865C6-883F-4EAA-884F-6E858AAEB37A} = {55A865C6-883F-4EAA-884F-6E858AAEB37A}
	EndProjectSection
EndProject
Project("{8BC9CEB8-8B4A-11D0-8D11-00A0C91BC942}") = "AgpuD3D12", "AgpuD3D12\AgpuD3D12.vcxproj", "{82551A25-D6CA-469E-8D03-6E0196AC2797}"
EndProject
Project("{8BC9CEB8-8B4A-11D0-8D11-00A0C91BC942}") = "Agpu", "Agpu\Agpu.vcxproj", "{55A865C6-883F-4EAA-884F-6E858AAEB37A}"
EndProject
Project("{8BC9CEB8-8B4A-11D0-8D11-00A0C91BC942}") = "Sample3", "Sample3\Sample3.vcxproj", "{D934883A-5155-4090-954D-F9CAA49BCB2C}"
	ProjectSection(ProjectDependencies) = postProject
		{9B7B2C60-6536-4694-9FAF-F50436576C7E} = {9B7B2C60-6536-4694-9FAF-F50436576C7E}
		{55A865C6-883F-4EAA-884F-6E858AAEB37A} = {55A865C6-883F-4EAA-884F-6E858AAEB37A}
	EndProjectSection
EndProject
Project("{888888A0-9F3D-457C-B088-3A5042F75D52}") = "ShaderCompiler", "ShaderCompiler.pyproj", "{14DC6CD3-AC31-4E9B-B73F-D55206171350}"
EndProject
Global
	GlobalSection(SolutionConfigurationPlatforms) = preSolution
		Debug|Any CPU = Debug|Any CPU
		Debug|x64 = Debug|x64
		Debug|x86 = Debug|x86
		Release|Any CPU = Release|Any CPU
		Release|x64 = Release|x64
		Release|x86 = Release|x86
	EndGlobalSection
	GlobalSection(ProjectConfigurationPlatforms) = postSolution
		{8B59C0F0-C1F9-4846-ACFB-FECC84E76401}.Debug|Any CPU.ActiveCfg = Debug|Win32
		{8B59C0F0-C1F9-4846-ACFB-FECC84E76401}.Debug|x64.ActiveCfg = Debug|x64
		{8B59C0F0-C1F9-4846-ACFB-FECC84E76401}.Debug|x64.Build.0 = Debug|x64
		{8B59C0F0-C1F9-4846-ACFB-FECC84E76401}.Debug|x86.ActiveCfg = Debug|Win32
		{8B59C0F0-C1F9-4846-ACFB-FECC84E76401}.Debug|x86.Build.0 = Debug|Win32
		{8B59C0F0-C1F9-4846-ACFB-FECC84E76401}.Release|Any CPU.ActiveCfg = Release|Win32
		{8B59C0F0-C1F9-4846-ACFB-FECC84E76401}.Release|x64.ActiveCfg = Release|x64
		{8B59C0F0-C1F9-4846-ACFB-FECC84E76401}.Release|x64.Build.0 = Release|x64
		{8B59C0F0-C1F9-4846-ACFB-FECC84E76401}.Release|x86.ActiveCfg = Release|Win32
		{8B59C0F0-C1F9-4846-ACFB-FECC84E76401}.Release|x86.Build.0 = Release|Win32
		{9B7B2C60-6536-4694-9FAF-F50436576C7E}.Debug|Any CPU.ActiveCfg = Debug|Win32
		{9B7B2C60-6536-4694-9FAF-F50436576C7E}.Debug|x64.ActiveCfg = Debug|x64
		{9B7B2C60-6536-4694-9FAF-F50436576C7E}.Debug|x64.Build.0 = Debug|x64
		{9B7B2C60-6536-4694-9FAF-F50436576C7E}.Debug|x86.ActiveCfg = Debug|Win32
		{9B7B2C60-6536-4694-9FAF-F50436576C7E}.Debug|x86.Build.0 = Debug|Win32
		{9B7B2C60-6536-4694-9FAF-F50436576C7E}.Release|Any CPU.ActiveCfg = Release|Win32
		{9B7B2C60-6536-4694-9FAF-F50436576C7E}.Release|x64.ActiveCfg = Release|x64
		{9B7B2C60-6536-4694-9FAF-F50436576C7E}.Release|x64.Build.0 = Release|x64
		{9B7B2C60-6536-4694-9FAF-F50436576C7E}.Release|x86.ActiveCfg = Release|Win32
		{9B7B2C60-6536-4694-9FAF-F50436576C7E}.Release|x86.Build.0 = Release|Win32
		{8C405B4B-66E4-4513-BF03-4A3B2CE3AC6B}.Debug|Any CPU.ActiveCfg = Debug|Win32
		{8C405B4B-66E4-4513-BF03-4A3B2CE3AC6B}.Debug|x64.ActiveCfg = Debug|x64
		{8C405B4B-66E4-4513-BF03-4A3B2CE3AC6B}.Debug|x64.Build.0 = Debug|x64
		{8C405B4B-66E4-4513-BF03-4A3B2CE3AC6B}.Debug|x86.ActiveCfg = Debug|Win32
		{8C405B4B-66E4-4513-BF03-4A3B2CE3AC6B}.Debug|x86.Build.0 = Debug|Win32
		{8C405B4B-66E4-4513-BF03-4A3B2CE3AC6B}.Release|Any CPU.ActiveCfg = Release|Win32
		{8C405B4B-66E4-4513-BF03-4A3B2CE3AC6B}.Release|x64.ActiveCfg = Release|x64
		{8C405B4B-66E4-4513-BF03-4A3B2CE3AC6B}.Release|x64.Build.0 = Release|x64
		{8C405B4B-66E4-4513-BF03-4A3B2CE3AC6B}.Release|x86.ActiveCfg = Release|Win32
		{8C405B4B-66E4-4513-BF03-4A3B2CE3AC6B}.Release|x86.Build.0 = Release|Win32
		{F5DD541E-E877-44B5-A7B8-D9DDE363AEF2}.Debug|Any CPU.ActiveCfg = Debug|Win32
		{F5DD541E-E877-44B5-A7B8-D9DDE363AEF2}.Debug|x64.ActiveCfg = Debug|x64
		{F5DD541E-E877-44B5-A7B8-D9DDE363AEF2}.Debug|x64.Build.0 = Debug|x64
		{F5DD541E-E877-44B5-A7B8-D9DDE363AEF2}.Debug|x86.ActiveCfg = Debug|Win32
		{F5DD541E-E877-44B5-A7B8-D9DDE363AEF2}.Debug|x86.Build.0 = Debug|Win32
		{F5DD541E-E877-44B5-A7B8-D9DDE363AEF2}.Release|Any CPU.ActiveCfg = Release|Win32
		{F5DD541E-E877-44B5-A7B8-D9DDE363AEF2}.Release|x64.ActiveCfg = Release|x64
		{F5DD541E-E877-44B5-A7B8-D9DDE363AEF2}.Release|x64.Build.0 = Release|x64
		{F5DD541E-E877-44B5-A7B8-D9DDE363AEF2}.Release|x86.ActiveCfg = Release|Win32
		{F5DD541E-E877-44B5-A7B8-D9DDE363AEF2}.Release|x86.Build.0 = Release|Win32
		{82551A25-D6CA-469E-8D03-6E0196AC2797}.Debug|Any CPU.ActiveCfg = Debug|Win32
		{82551A25-D6CA-469E-8D03-6E0196AC2797}.Debug|x64.ActiveCfg = Debug|x64
		{82551A25-D6CA-469E-8D03-6E0196AC2797}.Debug|x64.Build.0 = Debug|x64
		{82551A25-D6CA-469E-8D03-6E0196AC2797}.Debug|x86.ActiveCfg = Debug|Win32
		{82551A25-D6CA-469E-8D03-6E0196AC2797}.Debug|x86.Build.0 = Debug|Win32
		{82551A25-D6CA-469E-8D03-6E0196AC2797}.Release|Any CPU.ActiveCfg = Release|Win32
		{82551A25-D6CA-469E-8D03-6E0196AC2797}.Release|x64.ActiveCfg = Release|x64
		{82551A25-D6CA-469E-8D03-6E0196AC2797}.Release|x64.Build.0 = Release|x64
		{82551A25-D6CA-469E-8D03-6E0196AC2797}.Release|x86.ActiveCfg = Release|Win32
		{82551A25-D6CA-469E-8D03-6E0196AC2797}.Release|x86.Build.0 = Release|Win32
		{55A865C6-883F-4EAA-884F-6E858AAEB37A}.Debug|Any CPU.ActiveCfg = Debug|Win32
		{55A865C6-883F-4EAA-884F-6E858AAEB37A}.Debug|x64.ActiveCfg = Debug|x64
		{55A865C6-883F-4EAA-884F-6E858AAEB37A}.Debug|x64.Build.0 = Debug|x64
		{55A865C6-883F-4EAA-884F-6E858AAEB37A}.Debug|x86.ActiveCfg = Debug|Win32
		{55A865C6-883F-4EAA-884F-6E858AAEB37A}.Debug|x86.Build.0 = Debug|Win32
		{55A865C6-883F-4EAA-884F-6E858AAEB37A}.Release|Any CPU.ActiveCfg = Release|Win32
		{55A865C6-883F-4EAA-884F-6E858AAEB37A}.Release|x64.ActiveCfg = Release|x64
		{55A865C6-883F-4EAA-884F-6E858AAEB37A}.Release|x64.Build.0 = Release|x64
		{55A865C6-883F-4EAA-884F-6E858AAEB37A}.Release|x86.ActiveCfg = Release|Win32
		{55A865C6-883F-4EAA-884F-6E858AAEB37A}.Release|x86.Build.0 = Release|Win32
		{D934883A-5155-4090-954D-F9CAA49BCB2C}.Debug|Any CPU.ActiveCfg = Debug|Win32
		{D934883A-5155-4090-954D-F9CAA49BCB2C}.Debug|x64.ActiveCfg = Debug|x64
		{D934883A-5155-4090-954D-F9CAA49BCB2C}.Debug|x64.Build.0 = Debug|x64
		{D934883A-5155-4090-954D-F9CAA49BCB2C}.Debug|x86.ActiveCfg = Debug|Win32
		{D934883A-5155-4090-954D-F9CAA49BCB2C}.Debug|x86.Build.0 = Debug|Win32
		{D934883A-5155-4090-954D-F9CAA49BCB2C}.Release|Any CPU.ActiveCfg = Release|Win32
		{D934883A-5155-4090-954D-F9CAA49BCB2C}.Release|x64.ActiveCfg = Release|x64
		{D934883A-5155-4090-954D-F9CAA49BCB2C}.Release|x64.Build.0 = Release|x64
		{D934883A-5155-4090-954D-F9CAA49BCB2C}.Release|x86.ActiveCfg = Release|Win32
		{D934883A-5155-4090-954D-F9CAA49BCB2C}.Release|x86.Build.0 = Release|Win32
		{14DC6CD3-AC31-4E9B-B73F-D55206171350}.Debug|Any CPU.ActiveCfg = Debug|Any CPU
		{14DC6CD3-AC31-4E9B-B73F-D55206171350}.Debug|x64.ActiveCfg = Debug|Any CPU
		{14DC6CD3-AC31-4E9B-B73F-D55206171350}.Debug|x86.ActiveCfg = Debug|Any CPU
		{14DC6CD3-AC31-4E9B-B73F-D55206171350}.Release|Any CPU.ActiveCfg = Release|Any CPU
		{14DC6CD3-AC31-4E9B-B73F-D55206171350}.Release|x64.ActiveCfg = Release|Any CPU
		{14DC6CD3-AC31-4E9B-B73F-D55206171350}.Release|x86.ActiveCfg = Release|Any CPU
	EndGlobalSection
	GlobalSection(SolutionProperties) = preSolution
		HideSolutionNode = FALSE
	EndGlobalSection
	GlobalSection(NestedProjects) = preSolution
		{9B7B2C60-6536-4694-9FAF-F50436576C7E} = {0B7FD55D-7F13-4596-AE4B-C63E3BF90E22}
		{8C405B4B-66E4-4513-BF03-4A3B2CE3AC6B} = {0B7FD55D-7F13-4596-AE4B-C63E3BF90E22}
		{F5DD541E-E877-44B5-A7B8-D9DDE363AEF2} = {0B7FD55D-7F13-4596-AE4B-C63E3BF90E22}
		{D934883A-5155-4090-954D-F9CAA49BCB2C} = {0B7FD55D-7F13-4596-AE4B-C63E3BF90E22}
	EndGlobalSection
EndGlobal
